
Microsoft Visual Studio Solution File, Format Version 12.00
# Visual Studio Version 17
VisualStudioVersion = 17.11.35431.28
MinimumVisualStudioVersion = 10.0.40219.1
Project("{FAE04EC0-301F-11D3-BF4B-00C04F79EFBC}") = "C# greater and lesser", "C# greater and lesser\C# greater and lesser.csproj", "{33D5F393-0FEC-4EC4-8931-6D1826D779D0}"
EndProject
Global
	GlobalSection(SolutionConfigurationPlatforms) = preSolution
		Debug|Any CPU = Debug|Any CPU
		Release|Any CPU = Release|Any CPU
	EndGlobalSection
	GlobalSection(ProjectConfigurationPlatforms) = postSolution
		{33D5F393-0FEC-4EC4-8931-6D1826D779D0}.Debug|Any CPU.ActiveCfg = Debug|Any CPU
		{33D5F393-0FEC-4EC4-8931-6D1826D779D0}.Debug|Any CPU.Build.0 = Debug|Any CPU
		{33D5F393-0FEC-4EC4-8931-6D1826D779D0}.Release|Any CPU.ActiveCfg = Release|Any CPU
		{33D5F393-0FEC-4EC4-8931-6D1826D779D0}.Release|Any CPU.Build.0 = Release|Any CPU
	EndGlobalSection
	GlobalSection(SolutionProperties) = preSolution
		HideSolutionNode = FALSE
	EndGlobalSection
	GlobalSection(ExtensibilityGlobals) = postSolution
		SolutionGuid = {CB5ADC80-5D27-4B11-9D2C-263AC87BAB21}
	EndGlobalSection
EndGlobal
